
Microsoft Visual Studio Solution File, Format Version 12.00
# Visual Studio Version 17
VisualStudioVersion = 17.0.31903.59
MinimumVisualStudioVersion = 10.0.40219.1
Project("{FAE04EC0-301F-11D3-BF4B-00C04F79EFBC}") = "BridgeClient.Tests", "BridgeClient.Tests\BridgeClient.Tests.csproj", "{7D5EC60D-E6B5-41B3-B9D5-1CFCD6C7EF31}"
EndProject
Project("{FAE04EC0-301F-11D3-BF4B-00C04F79EFBC}") = "BridgeClient", "BridgeClient\BridgeClient.csproj", "{EAFA0533-0BAE-478F-9326-C3BDFB9D17C6}"
EndProject
Global
	GlobalSection(SolutionConfigurationPlatforms) = preSolution
		Debug|Any CPU = Debug|Any CPU
		Release|Any CPU = Release|Any CPU
	EndGlobalSection
	GlobalSection(SolutionProperties) = preSolution
		HideSolutionNode = FALSE
	EndGlobalSection
	GlobalSection(ProjectConfigurationPlatforms) = postSolution
		{7D5EC60D-E6B5-41B3-B9D5-1CFCD6C7EF31}.Debug|Any CPU.ActiveCfg = Debug|Any CPU
		{7D5EC60D-E6B5-41B3-B9D5-1CFCD6C7EF31}.Debug|Any CPU.Build.0 = Debug|Any CPU
		{7D5EC60D-E6B5-41B3-B9D5-1CFCD6C7EF31}.Release|Any CPU.ActiveCfg = Release|Any CPU
		{7D5EC60D-E6B5-41B3-B9D5-1CFCD6C7EF31}.Release|Any CPU.Build.0 = Release|Any CPU
		{EAFA0533-0BAE-478F-9326-C3BDFB9D17C6}.Debug|Any CPU.ActiveCfg = Debug|Any CPU
		{EAFA0533-0BAE-478F-9326-C3BDFB9D17C6}.Debug|Any CPU.Build.0 = Debug|Any CPU
		{EAFA0533-0BAE-478F-9326-C3BDFB9D17C6}.Release|Any CPU.ActiveCfg = Release|Any CPU
		{EAFA0533-0BAE-478F-9326-C3BDFB9D17C6}.Release|Any CPU.Build.0 = Release|Any CPU
	EndGlobalSection
EndGlobal
